
Microsoft Visual Studio Solution File, Format Version 12.00
# Visual Studio Version 17
VisualStudioVersion = 17.10.35027.167
MinimumVisualStudioVersion = 10.0.40219.1
Project("{9A19103F-16F7-4668-BE54-9A1E7A4F7556}") = "ClassLibraryEmlakOdev", "ClassLibraryEmlakOdev.csproj", "{631EED2E-EF91-4327-888A-EE05673F2B61}"
EndProject
Project("{FAE04EC0-301F-11D3-BF4B-00C04F79EFBC}") = "WinFormsApp2", "..\WinFormsApp2\WinFormsApp2.csproj", "{9345DB2D-17DF-45CD-8B0C-2BEC64305041}"
EndProject
Global
	GlobalSection(SolutionConfigurationPlatforms) = preSolution
		Debug|Any CPU = Debug|Any CPU
		Release|Any CPU = Release|Any CPU
	EndGlobalSection
	GlobalSection(ProjectConfigurationPlatforms) = postSolution
		{631EED2E-EF91-4327-888A-EE05673F2B61}.Debug|Any CPU.ActiveCfg = Debug|Any CPU
		{631EED2E-EF91-4327-888A-EE05673F2B61}.Debug|Any CPU.Build.0 = Debug|Any CPU
		{631EED2E-EF91-4327-888A-EE05673F2B61}.Release|Any CPU.ActiveCfg = Release|Any CPU
		{631EED2E-EF91-4327-888A-EE05673F2B61}.Release|Any CPU.Build.0 = Release|Any CPU
		{9345DB2D-17DF-45CD-8B0C-2BEC64305041}.Debug|Any CPU.ActiveCfg = Debug|Any CPU
		{9345DB2D-17DF-45CD-8B0C-2BEC64305041}.Debug|Any CPU.Build.0 = Debug|Any CPU
		{9345DB2D-17DF-45CD-8B0C-2BEC64305041}.Release|Any CPU.ActiveCfg = Release|Any CPU
		{9345DB2D-17DF-45CD-8B0C-2BEC64305041}.Release|Any CPU.Build.0 = Release|Any CPU
	EndGlobalSection
	GlobalSection(SolutionProperties) = preSolution
		HideSolutionNode = FALSE
	EndGlobalSection
	GlobalSection(ExtensibilityGlobals) = postSolution
		SolutionGuid = {20F9C590-A4F7-43D7-9AAE-9B20AA9269DB}
	EndGlobalSection
EndGlobal
